
Microsoft Visual Studio Solution File, Format Version 12.00
# Visual Studio Version 16
VisualStudioVersion = 16.0.31702.278
MinimumVisualStudioVersion = 10.0.40219.1
Project("{9A19103F-16F7-4668-BE54-9A1E7A4F7556}") = "primeiro", "primeiro\primeiro.csproj", "{F81C615C-0F2C-4F95-BAE3-387C130B18C0}"
EndProject
Project("{9A19103F-16F7-4668-BE54-9A1E7A4F7556}") = "Banco", "Banco\Banco.csproj", "{A0D8C272-4A40-47AF-B40A-654255A428D0}"
EndProject
Project("{FAE04EC0-301F-11D3-BF4B-00C04F79EFBC}") = "vetores", "vetores\vetores.csproj", "{200C5967-A6DC-4202-BD8B-1759174E8018}"
EndProject
Global
	GlobalSection(SolutionConfigurationPlatforms) = preSolution
		Debug|Any CPU = Debug|Any CPU
		Release|Any CPU = Release|Any CPU
	EndGlobalSection
	GlobalSection(ProjectConfigurationPlatforms) = postSolution
		{F81C615C-0F2C-4F95-BAE3-387C130B18C0}.Debug|Any CPU.ActiveCfg = Debug|Any CPU
		{F81C615C-0F2C-4F95-BAE3-387C130B18C0}.Debug|Any CPU.Build.0 = Debug|Any CPU
		{F81C615C-0F2C-4F95-BAE3-387C130B18C0}.Release|Any CPU.ActiveCfg = Release|Any CPU
		{F81C615C-0F2C-4F95-BAE3-387C130B18C0}.Release|Any CPU.Build.0 = Release|Any CPU
		{A0D8C272-4A40-47AF-B40A-654255A428D0}.Debug|Any CPU.ActiveCfg = Debug|Any CPU
		{A0D8C272-4A40-47AF-B40A-654255A428D0}.Debug|Any CPU.Build.0 = Debug|Any CPU
		{A0D8C272-4A40-47AF-B40A-654255A428D0}.Release|Any CPU.ActiveCfg = Release|Any CPU
		{A0D8C272-4A40-47AF-B40A-654255A428D0}.Release|Any CPU.Build.0 = Release|Any CPU
		{200C5967-A6DC-4202-BD8B-1759174E8018}.Debug|Any CPU.ActiveCfg = Debug|Any CPU
		{200C5967-A6DC-4202-BD8B-1759174E8018}.Debug|Any CPU.Build.0 = Debug|Any CPU
		{200C5967-A6DC-4202-BD8B-1759174E8018}.Release|Any CPU.ActiveCfg = Release|Any CPU
		{200C5967-A6DC-4202-BD8B-1759174E8018}.Release|Any CPU.Build.0 = Release|Any CPU
	EndGlobalSection
	GlobalSection(SolutionProperties) = preSolution
		HideSolutionNode = FALSE
	EndGlobalSection
	GlobalSection(ExtensibilityGlobals) = postSolution
		SolutionGuid = {FD817913-1D82-449A-8C9E-F58754C9F941}
	EndGlobalSection
EndGlobal
